<?xml version="1.0" encoding="utf-8"?>
<Project ToolsVersion="4.0" xmlns="http://schemas.microsoft.com/developer/msbuild/2003">
  <ItemGroup>
    <Filter Include="Quelldateien">
      <UniqueIdentifier>{4FC737F1-C7A5-4376-A066-2A32D752A2FF}</UniqueIdentifier>
      <Extensions>cpp;c;cc;cxx;def;odl;idl;hpj;bat;asm;asmx</Extensions>
    </Filter>
    <Filter Include="Headerdateien">
      <UniqueIdentifier>{93995380-89BD-4b04-88EB-625FBE52EBFB}</UniqueIdentifier>
      <Extensions>h;hpp;hxx;hm;inl;inc;xsd</Extensions>
    </Filter>
    <Filter Include="OtherFiles">
      <UniqueIdentifier>{f7df06e1-82f1-43f2-98e4-d527f766a2ae}</UniqueIdentifier>
    </Filter>
  </ItemGroup>
  <ItemGroup>
    <ClInclude Include="..\global.h">
      <Filter>Headerdateien</Filter>
    </ClInclude>
    <ClInclude Include="..\helpwindow.h">
      <Filter>Headerdateien</Filter>
    </ClInclude>
    <ClInclude Include="..\i2c-dev.h">
      <Filter>Headerdateien</Filter>
    </ClInclude>
    <ClInclude Include="..\logger.h">
      <Filter>Headerdateien</Filter>
    </ClInclude>
    <ClInclude Include="..\mainpanel.h">
      <Filter>Headerdateien</Filter>
    </ClInclude>
    <ClInclude Include="..\programmingadapter.h">
      <Filter>Headerdateien</Filter>
    </ClInclude>
    <ClInclude Include="..\serialadapterv1.h">
      <Filter>Headerdateien</Filter>
    </ClInclude>
    <ClInclude Include="..\serialadapterv2.h">
      <Filter>Headerdateien</Filter>
    </ClInclude>
    <ClInclude Include="..\singleton.h">
      <Filter>Headerdateien</Filter>
    </ClInclude>
    <ClInclude Include="..\targetver.h">
      <Filter>Headerdateien</Filter>
    </ClInclude>
    <ClInclude Include="..\usbadapter.h">
      <Filter>Headerdateien</Filter>
    </ClInclude>
    <ClInclude Include="..\usbadapterkernel.h">
      <Filter>Headerdateien</Filter>
    </ClInclude>
    <ClInclude Include="..\xeroxpatrone.h">
      <Filter>Headerdateien</Filter>
    </ClInclude>
  </ItemGroup>
  <ItemGroup>
    <None Include="..\Makefile">
      <Filter>OtherFiles</Filter>
    </None>
  </ItemGroup>
  <ItemGroup>
    <ClCompile Include="..\global.cpp">
      <Filter>Quelldateien</Filter>
    </ClCompile>
    <ClCompile Include="..\helpwindow.cpp">
      <Filter>Quelldateien</Filter>
    </ClCompile>
    <ClCompile Include="..\logger.cpp">
      <Filter>Quelldateien</Filter>
    </ClCompile>
    <ClCompile Include="..\mainpanel.cpp">
      <Filter>Quelldateien</Filter>
    </ClCompile>
    <ClCompile Include="..\programmingadapter.cpp">
      <Filter>Quelldateien</Filter>
    </ClCompile>
    <ClCompile Include="..\serialadapterv1.cpp">
      <Filter>Quelldateien</Filter>
    </ClCompile>
    <ClCompile Include="..\serialadapterv2.cpp">
      <Filter>Quelldateien</Filter>
    </ClCompile>
    <ClCompile Include="..\usbadapter.cpp">
      <Filter>Quelldateien</Filter>
    </ClCompile>
    <ClCompile Include="..\usbadapterkernel.cpp">
      <Filter>Quelldateien</Filter>
    </ClCompile>
    <ClCompile Include="..\xeroxpatrone.cpp">
      <Filter>Quelldateien</Filter>
    </ClCompile>
  </ItemGroup>
</Project>